
Microsoft Visual Studio Solution File, Format Version 12.00
# Visual Studio Version 17
VisualStudioVersion = 17.0.32014.148
MinimumVisualStudioVersion = 10.0.40219.1
Project("{9A19103F-16F7-4668-BE54-9A1E7A4F7556}") = "DalList", "DalList\DalList.csproj", "{D0D15D1A-4106-4691-BA92-19C65F0E8590}"
EndProject
Project("{9A19103F-16F7-4668-BE54-9A1E7A4F7556}") = "DalFacade", "DalFacade\DalFacade.csproj", "{163E24D9-CE90-4F17-97E2-3AAA8DE30F0B}"
EndProject
Project("{9A19103F-16F7-4668-BE54-9A1E7A4F7556}") = "DalTest", "DalTest\DalTest.csproj", "{D266A0ED-9BD9-4002-8454-462923D5C75C}"
EndProject
Project("{9A19103F-16F7-4668-BE54-9A1E7A4F7556}") = "BL", "BL\BL.csproj", "{57C33367-8FA2-4752-9E9F-BF6C21574768}"
EndProject
Project("{9A19103F-16F7-4668-BE54-9A1E7A4F7556}") = "BlTest", "BlTest\BlTest.csproj", "{93FF1C15-F76E-4EBB-9C21-1446E562EEAC}"
EndProject
Project("{FAE04EC0-301F-11D3-BF4B-00C04F79EFBC}") = "LP", "LP\LP.csproj", "{41B46623-497A-4C26-82C1-3F63E80A1A7B}"
EndProject
Global
	GlobalSection(SolutionConfigurationPlatforms) = preSolution
		Debug|Any CPU = Debug|Any CPU
		Release|Any CPU = Release|Any CPU
	EndGlobalSection
	GlobalSection(ProjectConfigurationPlatforms) = postSolution
		{D0D15D1A-4106-4691-BA92-19C65F0E8590}.Debug|Any CPU.ActiveCfg = Debug|Any CPU
		{D0D15D1A-4106-4691-BA92-19C65F0E8590}.Debug|Any CPU.Build.0 = Debug|Any CPU
		{D0D15D1A-4106-4691-BA92-19C65F0E8590}.Release|Any CPU.ActiveCfg = Release|Any CPU
		{D0D15D1A-4106-4691-BA92-19C65F0E8590}.Release|Any CPU.Build.0 = Release|Any CPU
		{163E24D9-CE90-4F17-97E2-3AAA8DE30F0B}.Debug|Any CPU.ActiveCfg = Debug|Any CPU
		{163E24D9-CE90-4F17-97E2-3AAA8DE30F0B}.Debug|Any CPU.Build.0 = Debug|Any CPU
		{163E24D9-CE90-4F17-97E2-3AAA8DE30F0B}.Release|Any CPU.ActiveCfg = Release|Any CPU
		{163E24D9-CE90-4F17-97E2-3AAA8DE30F0B}.Release|Any CPU.Build.0 = Release|Any CPU
		{D266A0ED-9BD9-4002-8454-462923D5C75C}.Debug|Any CPU.ActiveCfg = Debug|Any CPU
		{D266A0ED-9BD9-4002-8454-462923D5C75C}.Debug|Any CPU.Build.0 = Debug|Any CPU
		{D266A0ED-9BD9-4002-8454-462923D5C75C}.Release|Any CPU.ActiveCfg = Release|Any CPU
		{D266A0ED-9BD9-4002-8454-462923D5C75C}.Release|Any CPU.Build.0 = Release|Any CPU
		{57C33367-8FA2-4752-9E9F-BF6C21574768}.Debug|Any CPU.ActiveCfg = Debug|Any CPU
		{57C33367-8FA2-4752-9E9F-BF6C21574768}.Debug|Any CPU.Build.0 = Debug|Any CPU
		{57C33367-8FA2-4752-9E9F-BF6C21574768}.Release|Any CPU.ActiveCfg = Release|Any CPU
		{57C33367-8FA2-4752-9E9F-BF6C21574768}.Release|Any CPU.Build.0 = Release|Any CPU
		{93FF1C15-F76E-4EBB-9C21-1446E562EEAC}.Debug|Any CPU.ActiveCfg = Debug|Any CPU
		{93FF1C15-F76E-4EBB-9C21-1446E562EEAC}.Debug|Any CPU.Build.0 = Debug|Any CPU
		{93FF1C15-F76E-4EBB-9C21-1446E562EEAC}.Release|Any CPU.ActiveCfg = Release|Any CPU
		{93FF1C15-F76E-4EBB-9C21-1446E562EEAC}.Release|Any CPU.Build.0 = Release|Any CPU
		{41B46623-497A-4C26-82C1-3F63E80A1A7B}.Debug|Any CPU.ActiveCfg = Debug|Any CPU
		{41B46623-497A-4C26-82C1-3F63E80A1A7B}.Debug|Any CPU.Build.0 = Debug|Any CPU
		{41B46623-497A-4C26-82C1-3F63E80A1A7B}.Release|Any CPU.ActiveCfg = Release|Any CPU
		{41B46623-497A-4C26-82C1-3F63E80A1A7B}.Release|Any CPU.Build.0 = Release|Any CPU
	EndGlobalSection
	GlobalSection(SolutionProperties) = preSolution
		HideSolutionNode = FALSE
	EndGlobalSection
	GlobalSection(ExtensibilityGlobals) = postSolution
		SolutionGuid = {CBBA2841-7428-4066-B3A2-687F0A4D9FD2}
	EndGlobalSection
EndGlobal
