
Microsoft Visual Studio Solution File, Format Version 12.00
# Visual Studio Version 17
VisualStudioVersion = 17.0.32014.148
MinimumVisualStudioVersion = 10.0.40219.1
Project("{9A19103F-16F7-4668-BE54-9A1E7A4F7556}") = "DalFacade", "DalFacade\DalFacade.csproj", "{3EB2D2D9-2B71-4E71-BD7A-0525461B8D19}"
EndProject
Project("{9A19103F-16F7-4668-BE54-9A1E7A4F7556}") = "DalList", "DalList\DalList.csproj", "{07096A4F-BFE3-42F5-B314-D3E3A768EACC}"
EndProject
Project("{9A19103F-16F7-4668-BE54-9A1E7A4F7556}") = "DalTest", "DalTest\DalTest.csproj", "{7BA869B5-789F-4A71-9B70-F08F9B2D80E5}"
EndProject
Global
	GlobalSection(SolutionConfigurationPlatforms) = preSolution
		Debug|Any CPU = Debug|Any CPU
		Release|Any CPU = Release|Any CPU
	EndGlobalSection
	GlobalSection(ProjectConfigurationPlatforms) = postSolution
		{3EB2D2D9-2B71-4E71-BD7A-0525461B8D19}.Debug|Any CPU.ActiveCfg = Debug|Any CPU
		{3EB2D2D9-2B71-4E71-BD7A-0525461B8D19}.Debug|Any CPU.Build.0 = Debug|Any CPU
		{3EB2D2D9-2B71-4E71-BD7A-0525461B8D19}.Release|Any CPU.ActiveCfg = Release|Any CPU
		{3EB2D2D9-2B71-4E71-BD7A-0525461B8D19}.Release|Any CPU.Build.0 = Release|Any CPU
		{07096A4F-BFE3-42F5-B314-D3E3A768EACC}.Debug|Any CPU.ActiveCfg = Debug|Any CPU
		{07096A4F-BFE3-42F5-B314-D3E3A768EACC}.Debug|Any CPU.Build.0 = Debug|Any CPU
		{07096A4F-BFE3-42F5-B314-D3E3A768EACC}.Release|Any CPU.ActiveCfg = Release|Any CPU
		{07096A4F-BFE3-42F5-B314-D3E3A768EACC}.Release|Any CPU.Build.0 = Release|Any CPU
		{7BA869B5-789F-4A71-9B70-F08F9B2D80E5}.Debug|Any CPU.ActiveCfg = Debug|Any CPU
		{7BA869B5-789F-4A71-9B70-F08F9B2D80E5}.Debug|Any CPU.Build.0 = Debug|Any CPU
		{7BA869B5-789F-4A71-9B70-F08F9B2D80E5}.Release|Any CPU.ActiveCfg = Release|Any CPU
		{7BA869B5-789F-4A71-9B70-F08F9B2D80E5}.Release|Any CPU.Build.0 = Release|Any CPU
	EndGlobalSection
	GlobalSection(SolutionProperties) = preSolution
		HideSolutionNode = FALSE
	EndGlobalSection
	GlobalSection(ExtensibilityGlobals) = postSolution
		SolutionGuid = {DAA46DDB-AAEF-4F66-8094-C78882EAB4C7}
	EndGlobalSection
EndGlobal
